{
  "name": "verovio_humdrum",
  "version": "1.0.0",
  "lockfileVersion": 3,
  "requires": true,
  "packages": {
    "": {
      "name": "verovio_humdrum",
      "version": "1.0.0",
      "license": "ISC",
      "dependencies": {
        "verovio": "^3.16.0"
      }
    },
    "node_modules/verovio": {
      "version": "3.16.0",
      "resolved": "https://registry.npmjs.org/verovio/-/verovio-3.16.0.tgz",
      "integrity": "sha512-+fJaQVwHOWzq9q1H7VJWbhxTkQ4bijnBz7gvKFbJGx2DcpTsr1A0hUpZXelqc6+n+DC/rC8V1eaUPJKuOBdVyQ==",
      "license": "LGPL-3.0-or-later",
      "engines": {
        "node": ">= 14.18.0"
      }
    }
  }
}
